
Microsoft Visual Studio Solution File, Format Version 12.00
# Visual Studio Version 16
VisualStudioVersion = 16.0.30907.101
MinimumVisualStudioVersion = 10.0.40219.1
Project("{FAE04EC0-301F-11D3-BF4B-00C04F79EFBC}") = "FuncActionPredicate", "FuncActionPredicate\FuncActionPredicate.csproj", "{AA9C2EB3-1360-475A-A36B-EFE1AD64EAC0}"
EndProject
Global
	GlobalSection(SolutionConfigurationPlatforms) = preSolution
		Debug|Any CPU = Debug|Any CPU
		Release|Any CPU = Release|Any CPU
	EndGlobalSection
	GlobalSection(ProjectConfigurationPlatforms) = postSolution
		{AA9C2EB3-1360-475A-A36B-EFE1AD64EAC0}.Debug|Any CPU.ActiveCfg = Debug|Any CPU
		{AA9C2EB3-1360-475A-A36B-EFE1AD64EAC0}.Debug|Any CPU.Build.0 = Debug|Any CPU
		{AA9C2EB3-1360-475A-A36B-EFE1AD64EAC0}.Release|Any CPU.ActiveCfg = Release|Any CPU
		{AA9C2EB3-1360-475A-A36B-EFE1AD64EAC0}.Release|Any CPU.Build.0 = Release|Any CPU
	EndGlobalSection
	GlobalSection(SolutionProperties) = preSolution
		HideSolutionNode = FALSE
	EndGlobalSection
	GlobalSection(ExtensibilityGlobals) = postSolution
		SolutionGuid = {85DCB78F-4DD2-4116-9379-466B5A9C6350}
	EndGlobalSection
EndGlobal
